
Microsoft Visual Studio Solution File, Format Version 12.00
# Visual Studio Version 17
VisualStudioVersion = 17.7.34024.191
MinimumVisualStudioVersion = 10.0.40219.1
Project("{FAE04EC0-301F-11D3-BF4B-00C04F79EFBC}") = "Avalonia.MusicStore", "Avalonia.MusicStore\Avalonia.MusicStore.csproj", "{28703A93-DD8E-4174-B097-A4DC1F87F2C4}"
EndProject
Global
	GlobalSection(SolutionConfigurationPlatforms) = preSolution
		Debug|Any CPU = Debug|Any CPU
		Release|Any CPU = Release|Any CPU
	EndGlobalSection
	GlobalSection(ProjectConfigurationPlatforms) = postSolution
		{28703A93-DD8E-4174-B097-A4DC1F87F2C4}.Debug|Any CPU.ActiveCfg = Debug|Any CPU
		{28703A93-DD8E-4174-B097-A4DC1F87F2C4}.Debug|Any CPU.Build.0 = Debug|Any CPU
		{28703A93-DD8E-4174-B097-A4DC1F87F2C4}.Release|Any CPU.ActiveCfg = Release|Any CPU
		{28703A93-DD8E-4174-B097-A4DC1F87F2C4}.Release|Any CPU.Build.0 = Release|Any CPU
	EndGlobalSection
	GlobalSection(SolutionProperties) = preSolution
		HideSolutionNode = FALSE
	EndGlobalSection
	GlobalSection(ExtensibilityGlobals) = postSolution
		SolutionGuid = {0C89A9A9-EF5C-4A8B-A467-75FF7322032D}
	EndGlobalSection
EndGlobal
